{
    "version": 3,
    "terraform_version": "0.10.2",
    "serial": 56,
    "lineage": "5dd457be-8730-482b-9d42-64e97d290963",
    "modules": [
        {
            "path": [
                "root"
            ],
            "outputs": {
                "subnet_ids": {
                    "sensitive": false,
                    "type": "list",
                    "value": [
                        "subnet-bae5f9f2",
                        "subnet-3c7d2e66",
                        "subnet-89eff3c1",
                        "subnet-23623179"
                    ]
                }
            },
            "resources": {
                "aws_instance.my_instance.0": {
                    "type": "aws_instance",
                    "depends_on": [
                        "aws_subnet.subnets.*",
                        "module.sg"
                    ],
                    "primary": {
                        "id": "i-0d973bb533af10f1c",
                        "attributes": {
                            "ami": "ami-4fffc834",
                            "associate_public_ip_address": "true",
                            "availability_zone": "us-east-1a",
                            "disable_api_termination": "false",
                            "ebs_block_device.#": "0",
                            "ebs_optimized": "false",
                            "ephemeral_block_device.#": "0",
                            "iam_instance_profile": "",
                            "id": "i-0d973bb533af10f1c",
                            "instance_state": "running",
                            "instance_type": "t2.micro",
                            "ipv6_addresses.#": "0",
                            "key_name": "LocalKeyPair",
                            "monitoring": "false",
                            "network_interface.#": "0",
                            "network_interface_id": "eni-69daa5bd",
                            "primary_network_interface_id": "eni-69daa5bd",
                            "private_dns": "ip-172-31-0-111.ec2.internal",
                            "private_ip": "172.31.0.111",
                            "public_dns": "ec2-54-227-175-155.compute-1.amazonaws.com",
                            "public_ip": "54.227.175.155",
                            "root_block_device.#": "1",
                            "root_block_device.0.delete_on_termination": "true",
                            "root_block_device.0.iops": "100",
                            "root_block_device.0.volume_size": "8",
                            "root_block_device.0.volume_type": "gp2",
                            "security_groups.#": "0",
                            "source_dest_check": "true",
                            "subnet_id": "subnet-bae5f9f2",
                            "tags.%": "1",
                            "tags.Name": "Node_subnet-bae5f9f2",
                            "tenancy": "default",
                            "volume_tags.%": "0",
                            "vpc_security_group_ids.#": "1",
                            "vpc_security_group_ids.2445135976": "sg-26eeb056"
                        },
                        "meta": {
                            "e2bfb730-ecaa-11e6-8f88-34363bc7c4c0": {
                                "create": 600000000000,
                                "delete": 600000000000,
                                "update": 600000000000
                            },
                            "schema_version": "1"
                        },
                        "tainted": false
                    },
                    "deposed": [],
                    "provider": ""
                },
                "aws_instance.my_instance.1": {
                    "type": "aws_instance",
                    "depends_on": [
                        "aws_subnet.subnets.*",
                        "module.sg"
                    ],
                    "primary": {
                        "id": "i-0983cb21b3613bf3b",
                        "attributes": {
                            "ami": "ami-4fffc834",
                            "associate_public_ip_address": "true",
                            "availability_zone": "us-east-1b",
                            "disable_api_termination": "false",
                            "ebs_block_device.#": "0",
                            "ebs_optimized": "false",
                            "ephemeral_block_device.#": "0",
                            "iam_instance_profile": "",
                            "id": "i-0983cb21b3613bf3b",
                            "instance_state": "running",
                            "instance_type": "t2.micro",
                            "ipv6_addresses.#": "0",
                            "key_name": "LocalKeyPair",
                            "monitoring": "false",
                            "network_interface.#": "0",
                            "network_interface_id": "eni-bde06917",
                            "primary_network_interface_id": "eni-bde06917",
                            "private_dns": "ip-172-31-1-240.ec2.internal",
                            "private_ip": "172.31.1.240",
                            "public_dns": "ec2-54-237-239-182.compute-1.amazonaws.com",
                            "public_ip": "54.237.239.182",
                            "root_block_device.#": "1",
                            "root_block_device.0.delete_on_termination": "true",
                            "root_block_device.0.iops": "100",
                            "root_block_device.0.volume_size": "8",
                            "root_block_device.0.volume_type": "gp2",
                            "security_groups.#": "0",
                            "source_dest_check": "true",
                            "subnet_id": "subnet-3c7d2e66",
                            "tags.%": "1",
                            "tags.Name": "Node_subnet-3c7d2e66",
                            "tenancy": "default",
                            "volume_tags.%": "0",
                            "vpc_security_group_ids.#": "1",
                            "vpc_security_group_ids.2445135976": "sg-26eeb056"
                        },
                        "meta": {
                            "e2bfb730-ecaa-11e6-8f88-34363bc7c4c0": {
                                "create": 600000000000,
                                "delete": 600000000000,
                                "update": 600000000000
                            },
                            "schema_version": "1"
                        },
                        "tainted": false
                    },
                    "deposed": [],
                    "provider": ""
                },
                "aws_instance.my_instance.2": {
                    "type": "aws_instance",
                    "depends_on": [
                        "aws_subnet.subnets.*",
                        "module.sg"
                    ],
                    "primary": {
                        "id": "i-0f819167dcc38ed2b",
                        "attributes": {
                            "ami": "ami-4fffc834",
                            "associate_public_ip_address": "true",
                            "availability_zone": "us-east-1a",
                            "disable_api_termination": "false",
                            "ebs_block_device.#": "0",
                            "ebs_optimized": "false",
                            "ephemeral_block_device.#": "0",
                            "iam_instance_profile": "",
                            "id": "i-0f819167dcc38ed2b",
                            "instance_state": "running",
                            "instance_type": "t2.micro",
                            "ipv6_addresses.#": "0",
                            "key_name": "LocalKeyPair",
                            "monitoring": "false",
                            "network_interface.#": "0",
                            "network_interface_id": "eni-dde09f09",
                            "primary_network_interface_id": "eni-dde09f09",
                            "private_dns": "ip-172-31-2-114.ec2.internal",
                            "private_ip": "172.31.2.114",
                            "public_dns": "ec2-34-229-122-60.compute-1.amazonaws.com",
                            "public_ip": "34.229.122.60",
                            "root_block_device.#": "1",
                            "root_block_device.0.delete_on_termination": "true",
                            "root_block_device.0.iops": "100",
                            "root_block_device.0.volume_size": "8",
                            "root_block_device.0.volume_type": "gp2",
                            "security_groups.#": "0",
                            "source_dest_check": "true",
                            "subnet_id": "subnet-89eff3c1",
                            "tags.%": "1",
                            "tags.Name": "Node_subnet-89eff3c1",
                            "tenancy": "default",
                            "volume_tags.%": "0",
                            "vpc_security_group_ids.#": "1",
                            "vpc_security_group_ids.2445135976": "sg-26eeb056"
                        },
                        "meta": {
                            "e2bfb730-ecaa-11e6-8f88-34363bc7c4c0": {
                                "create": 600000000000,
                                "delete": 600000000000,
                                "update": 600000000000
                            },
                            "schema_version": "1"
                        },
                        "tainted": false
                    },
                    "deposed": [],
                    "provider": ""
                },
                "aws_instance.my_instance.3": {
                    "type": "aws_instance",
                    "depends_on": [
                        "aws_subnet.subnets.*",
                        "module.sg"
                    ],
                    "primary": {
                        "id": "i-0e22861bbf28be701",
                        "attributes": {
                            "ami": "ami-4fffc834",
                            "associate_public_ip_address": "true",
                            "availability_zone": "us-east-1b",
                            "disable_api_termination": "false",
                            "ebs_block_device.#": "0",
                            "ebs_optimized": "false",
                            "ephemeral_block_device.#": "0",
                            "iam_instance_profile": "",
                            "id": "i-0e22861bbf28be701",
                            "instance_state": "running",
                            "instance_type": "t2.micro",
                            "ipv6_addresses.#": "0",
                            "key_name": "LocalKeyPair",
                            "monitoring": "false",
                            "network_interface.#": "0",
                            "network_interface_id": "eni-32ee6798",
                            "primary_network_interface_id": "eni-32ee6798",
                            "private_dns": "ip-172-31-3-98.ec2.internal",
                            "private_ip": "172.31.3.98",
                            "public_dns": "ec2-34-229-250-138.compute-1.amazonaws.com",
                            "public_ip": "34.229.250.138",
                            "root_block_device.#": "1",
                            "root_block_device.0.delete_on_termination": "true",
                            "root_block_device.0.iops": "100",
                            "root_block_device.0.volume_size": "8",
                            "root_block_device.0.volume_type": "gp2",
                            "security_groups.#": "0",
                            "source_dest_check": "true",
                            "subnet_id": "subnet-23623179",
                            "tags.%": "1",
                            "tags.Name": "Node_subnet-23623179",
                            "tenancy": "default",
                            "volume_tags.%": "0",
                            "vpc_security_group_ids.#": "1",
                            "vpc_security_group_ids.2445135976": "sg-26eeb056"
                        },
                        "meta": {
                            "e2bfb730-ecaa-11e6-8f88-34363bc7c4c0": {
                                "create": 600000000000,
                                "delete": 600000000000,
                                "update": 600000000000
                            },
                            "schema_version": "1"
                        },
                        "tainted": false
                    },
                    "deposed": [],
                    "provider": ""
                },
                "aws_subnet.subnets.0": {
                    "type": "aws_subnet",
                    "depends_on": [],
                    "primary": {
                        "id": "subnet-bae5f9f2",
                        "attributes": {
                            "assign_ipv6_address_on_creation": "false",
                            "availability_zone": "us-east-1a",
                            "cidr_block": "172.31.0.0/24",
                            "id": "subnet-bae5f9f2",
                            "map_public_ip_on_launch": "true",
                            "tags.%": "1",
                            "tags.Name": "Subnet_0",
                            "vpc_id": "vpc-c98e64b0"
                        },
                        "meta": {
                            "schema_version": "1"
                        },
                        "tainted": false
                    },
                    "deposed": [],
                    "provider": ""
                },
                "aws_subnet.subnets.1": {
                    "type": "aws_subnet",
                    "depends_on": [],
                    "primary": {
                        "id": "subnet-3c7d2e66",
                        "attributes": {
                            "assign_ipv6_address_on_creation": "false",
                            "availability_zone": "us-east-1b",
                            "cidr_block": "172.31.1.0/24",
                            "id": "subnet-3c7d2e66",
                            "map_public_ip_on_launch": "true",
                            "tags.%": "1",
                            "tags.Name": "Subnet_1",
                            "vpc_id": "vpc-c98e64b0"
                        },
                        "meta": {
                            "schema_version": "1"
                        },
                        "tainted": false
                    },
                    "deposed": [],
                    "provider": ""
                },
                "aws_subnet.subnets.2": {
                    "type": "aws_subnet",
                    "depends_on": [],
                    "primary": {
                        "id": "subnet-89eff3c1",
                        "attributes": {
                            "assign_ipv6_address_on_creation": "false",
                            "availability_zone": "us-east-1a",
                            "cidr_block": "172.31.2.0/24",
                            "id": "subnet-89eff3c1",
                            "map_public_ip_on_launch": "true",
                            "tags.%": "1",
                            "tags.Name": "Subnet_2",
                            "vpc_id": "vpc-c98e64b0"
                        },
                        "meta": {
                            "schema_version": "1"
                        },
                        "tainted": false
                    },
                    "deposed": [],
                    "provider": ""
                },
                "aws_subnet.subnets.3": {
                    "type": "aws_subnet",
                    "depends_on": [],
                    "primary": {
                        "id": "subnet-23623179",
                        "attributes": {
                            "assign_ipv6_address_on_creation": "false",
                            "availability_zone": "us-east-1b",
                            "cidr_block": "172.31.3.0/24",
                            "id": "subnet-23623179",
                            "map_public_ip_on_launch": "true",
                            "tags.%": "1",
                            "tags.Name": "Subnet_3",
                            "vpc_id": "vpc-c98e64b0"
                        },
                        "meta": {
                            "schema_version": "1"
                        },
                        "tainted": false
                    },
                    "deposed": [],
                    "provider": ""
                }
            },
            "depends_on": []
        },
        {
            "path": [
                "root",
                "instances"
            ],
            "outputs": {},
            "resources": {},
            "depends_on": []
        },
        {
            "path": [
                "root",
                "rt"
            ],
            "outputs": {},
            "resources": {
                "aws_eip.nat": {
                    "type": "aws_eip",
                    "depends_on": [],
                    "primary": {
                        "id": "eipalloc-625f5751",
                        "attributes": {
                            "association_id": "",
                            "domain": "vpc",
                            "id": "eipalloc-625f5751",
                            "instance": "",
                            "network_interface": "",
                            "private_ip": "",
                            "public_ip": "34.233.37.221",
                            "vpc": "true"
                        },
                        "meta": {},
                        "tainted": false
                    },
                    "deposed": [],
                    "provider": ""
                },
                "aws_nat_gateway.gw": {
                    "type": "aws_nat_gateway",
                    "depends_on": [
                        "aws_eip.nat"
                    ],
                    "primary": {
                        "id": "nat-04150730b2fe11864",
                        "attributes": {
                            "allocation_id": "eipalloc-625f5751",
                            "id": "nat-04150730b2fe11864",
                            "network_interface_id": "eni-89dea15d",
                            "private_ip": "172.31.0.10",
                            "public_ip": "34.233.37.221",
                            "subnet_id": "subnet-bae5f9f2"
                        },
                        "meta": {},
                        "tainted": false
                    },
                    "deposed": [],
                    "provider": ""
                },
                "aws_route_table.private": {
                    "type": "aws_route_table",
                    "depends_on": [
                        "aws_nat_gateway.gw"
                    ],
                    "primary": {
                        "id": "rtb-a8f741d3",
                        "attributes": {
                            "id": "rtb-a8f741d3",
                            "propagating_vgws.#": "0",
                            "route.#": "1",
                            "route.4132343839.cidr_block": "0.0.0.0/0",
                            "route.4132343839.egress_only_gateway_id": "",
                            "route.4132343839.gateway_id": "",
                            "route.4132343839.instance_id": "",
                            "route.4132343839.ipv6_cidr_block": "",
                            "route.4132343839.nat_gateway_id": "nat-04150730b2fe11864",
                            "route.4132343839.network_interface_id": "",
                            "route.4132343839.vpc_peering_connection_id": "",
                            "tags.%": "1",
                            "tags.Name": "private_rt",
                            "vpc_id": "vpc-c98e64b0"
                        },
                        "meta": {},
                        "tainted": false
                    },
                    "deposed": [],
                    "provider": ""
                },
                "aws_route_table.public": {
                    "type": "aws_route_table",
                    "depends_on": [],
                    "primary": {
                        "id": "rtb-e10abd9a",
                        "attributes": {
                            "id": "rtb-e10abd9a",
                            "propagating_vgws.#": "0",
                            "route.#": "1",
                            "route.3109278391.cidr_block": "0.0.0.0/0",
                            "route.3109278391.egress_only_gateway_id": "",
                            "route.3109278391.gateway_id": "igw-2aaa0a4c",
                            "route.3109278391.instance_id": "",
                            "route.3109278391.ipv6_cidr_block": "",
                            "route.3109278391.nat_gateway_id": "",
                            "route.3109278391.network_interface_id": "",
                            "route.3109278391.vpc_peering_connection_id": "",
                            "tags.%": "1",
                            "tags.Name": "public_rt",
                            "vpc_id": "vpc-c98e64b0"
                        },
                        "meta": {},
                        "tainted": false
                    },
                    "deposed": [],
                    "provider": ""
                }
            },
            "depends_on": []
        },
        {
            "path": [
                "root",
                "sg"
            ],
            "outputs": {
                "allow_all": {
                    "sensitive": false,
                    "type": "string",
                    "value": "sg-26eeb056"
                }
            },
            "resources": {
                "aws_security_group.allow_all": {
                    "type": "aws_security_group",
                    "depends_on": [],
                    "primary": {
                        "id": "sg-26eeb056",
                        "attributes": {
                            "description": "Allow all inbound outbound traffic",
                            "egress.#": "1",
                            "egress.482069346.cidr_blocks.#": "1",
                            "egress.482069346.cidr_blocks.0": "0.0.0.0/0",
                            "egress.482069346.from_port": "0",
                            "egress.482069346.ipv6_cidr_blocks.#": "0",
                            "egress.482069346.prefix_list_ids.#": "0",
                            "egress.482069346.protocol": "-1",
                            "egress.482069346.security_groups.#": "0",
                            "egress.482069346.self": "false",
                            "egress.482069346.to_port": "0",
                            "id": "sg-26eeb056",
                            "ingress.#": "1",
                            "ingress.482069346.cidr_blocks.#": "1",
                            "ingress.482069346.cidr_blocks.0": "0.0.0.0/0",
                            "ingress.482069346.from_port": "0",
                            "ingress.482069346.ipv6_cidr_blocks.#": "0",
                            "ingress.482069346.protocol": "-1",
                            "ingress.482069346.security_groups.#": "0",
                            "ingress.482069346.self": "false",
                            "ingress.482069346.to_port": "0",
                            "name": "allow_all",
                            "owner_id": "458802025954",
                            "tags.%": "0",
                            "vpc_id": "vpc-c98e64b0"
                        },
                        "meta": {},
                        "tainted": false
                    },
                    "deposed": [],
                    "provider": ""
                }
            },
            "depends_on": []
        },
        {
            "path": [
                "root",
                "instances",
                "sg"
            ],
            "outputs": {},
            "resources": {},
            "depends_on": []
        },
        {
            "path": [
                "root",
                "rt",
                "association"
            ],
            "outputs": {},
            "resources": {},
            "depends_on": []
        },
        {
            "path": [
                "root",
                "rt",
                "rt_association"
            ],
            "outputs": {},
            "resources": {
                "aws_route_table_association.private_assoc.0": {
                    "type": "aws_route_table_association",
                    "depends_on": [],
                    "primary": {
                        "id": "rtbassoc-2a275450",
                        "attributes": {
                            "id": "rtbassoc-2a275450",
                            "route_table_id": "rtb-a8f741d3",
                            "subnet_id": "subnet-89eff3c1"
                        },
                        "meta": {},
                        "tainted": false
                    },
                    "deposed": [],
                    "provider": ""
                },
                "aws_route_table_association.private_assoc.1": {
                    "type": "aws_route_table_association",
                    "depends_on": [],
                    "primary": {
                        "id": "rtbassoc-8d2b58f7",
                        "attributes": {
                            "id": "rtbassoc-8d2b58f7",
                            "route_table_id": "rtb-a8f741d3",
                            "subnet_id": "subnet-23623179"
                        },
                        "meta": {},
                        "tainted": false
                    },
                    "deposed": [],
                    "provider": ""
                },
                "aws_route_table_association.public_assoc.0": {
                    "type": "aws_route_table_association",
                    "depends_on": [],
                    "primary": {
                        "id": "rtbassoc-0d265577",
                        "attributes": {
                            "id": "rtbassoc-0d265577",
                            "route_table_id": "rtb-e10abd9a",
                            "subnet_id": "subnet-bae5f9f2"
                        },
                        "meta": {},
                        "tainted": false
                    },
                    "deposed": [],
                    "provider": ""
                },
                "aws_route_table_association.public_assoc.1": {
                    "type": "aws_route_table_association",
                    "depends_on": [],
                    "primary": {
                        "id": "rtbassoc-a92655d3",
                        "attributes": {
                            "id": "rtbassoc-a92655d3",
                            "route_table_id": "rtb-e10abd9a",
                            "subnet_id": "subnet-3c7d2e66"
                        },
                        "meta": {},
                        "tainted": false
                    },
                    "deposed": [],
                    "provider": ""
                }
            },
            "depends_on": []
        }
    ]
}
